
Microsoft Visual Studio Solution File, Format Version 12.00
# Visual Studio Version 16
VisualStudioVersion = 16.0.29926.136
MinimumVisualStudioVersion = 10.0.40219.1
Project("{FAE04EC0-301F-11D3-BF4B-00C04F79EFBC}") = "Routine.Android", "Routine\Routine.Android\Routine.Android.csproj", "{4A8F41C9-F909-4822-AA50-06833EEE8963}"
EndProject
Project("{FAE04EC0-301F-11D3-BF4B-00C04F79EFBC}") = "Routine", "Routine\Routine\Routine.csproj", "{010B8530-C3CD-4FE1-BB84-7930AB5D6796}"
EndProject
Global
	GlobalSection(SolutionConfigurationPlatforms) = preSolution
		Debug|Any CPU = Debug|Any CPU
		Release|Any CPU = Release|Any CPU
	EndGlobalSection
	GlobalSection(ProjectConfigurationPlatforms) = postSolution
		{4A8F41C9-F909-4822-AA50-06833EEE8963}.Debug|Any CPU.ActiveCfg = Debug|Any CPU
		{4A8F41C9-F909-4822-AA50-06833EEE8963}.Debug|Any CPU.Build.0 = Debug|Any CPU
		{4A8F41C9-F909-4822-AA50-06833EEE8963}.Debug|Any CPU.Deploy.0 = Debug|Any CPU
		{4A8F41C9-F909-4822-AA50-06833EEE8963}.Release|Any CPU.ActiveCfg = Release|Any CPU
		{4A8F41C9-F909-4822-AA50-06833EEE8963}.Release|Any CPU.Build.0 = Release|Any CPU
		{4A8F41C9-F909-4822-AA50-06833EEE8963}.Release|Any CPU.Deploy.0 = Release|Any CPU
		{010B8530-C3CD-4FE1-BB84-7930AB5D6796}.Debug|Any CPU.ActiveCfg = Debug|Any CPU
		{010B8530-C3CD-4FE1-BB84-7930AB5D6796}.Debug|Any CPU.Build.0 = Debug|Any CPU
		{010B8530-C3CD-4FE1-BB84-7930AB5D6796}.Debug|Any CPU.Deploy.0 = Debug|Any CPU
		{010B8530-C3CD-4FE1-BB84-7930AB5D6796}.Release|Any CPU.ActiveCfg = Release|Any CPU
		{010B8530-C3CD-4FE1-BB84-7930AB5D6796}.Release|Any CPU.Build.0 = Release|Any CPU
		{010B8530-C3CD-4FE1-BB84-7930AB5D6796}.Release|Any CPU.Deploy.0 = Release|Any CPU
	EndGlobalSection
	GlobalSection(SolutionProperties) = preSolution
		HideSolutionNode = FALSE
	EndGlobalSection
	GlobalSection(ExtensibilityGlobals) = postSolution
		SolutionGuid = {166EF4C3-3808-4A75-947F-A3AA0BDA6161}
	EndGlobalSection
EndGlobal
